// !$*UTF8*$!
{
	archiveVersion = 1;
	classes = {
	};
	objectVersion = 56;
	objects = {

/* Begin PBXBuildFile section */
		5B4D45D22BA9D1A200AB03D5 /* Item+Transferable.swift in Sources */ = {isa = PBXBuildFile; fileRef = 5B4D45D12BA9D1A200AB03D5 /* Item+Transferable.swift */; };
		5B4D45D42BA9FE6900AB03D5 /* InventoryTip.swift in Sources */ = {isa = PBXBuildFile; fileRef = 5B4D45D32BA9FE6900AB03D5 /* InventoryTip.swift */; };
		5B4D45D62BAA072600AB03D5 /* CombatTip.swift in Sources */ = {isa = PBXBuildFile; fileRef = 5B4D45D52BAA072600AB03D5 /* CombatTip.swift */; };
		5B4D45E32BAB5FC400AB03D5 /* AppState.swift in Sources */ = {isa = PBXBuildFile; fileRef = 5B4D45E22BAB5FC400AB03D5 /* AppState.swift */; };
		5B4D45E52BAB5FFE00AB03D5 /* ViewNavigator.swift in Sources */ = {isa = PBXBuildFile; fileRef = 5B4D45E42BAB5FFE00AB03D5 /* ViewNavigator.swift */; };
		5B6327DB2B24B62200B2848A /* StatsView.swift in Sources */ = {isa = PBXBuildFile; fileRef = 5B6327DA2B24B62200B2848A /* StatsView.swift */; };
		5B6327DD2B24B67D00B2848A /* StatStepperView.swift in Sources */ = {isa = PBXBuildFile; fileRef = 5B6327DC2B24B67D00B2848A /* StatStepperView.swift */; };
		5B6327DF2B24B71300B2848A /* StatManagerView.swift in Sources */ = {isa = PBXBuildFile; fileRef = 5B6327DE2B24B71300B2848A /* StatManagerView.swift */; };
		5B6327E12B24D05B00B2848A /* TownView.swift in Sources */ = {isa = PBXBuildFile; fileRef = 5B6327E02B24D05B00B2848A /* TownView.swift */; };
		5B6327E32B24D09100B2848A /* PlayerSummaryView.swift in Sources */ = {isa = PBXBuildFile; fileRef = 5B6327E22B24D09100B2848A /* PlayerSummaryView.swift */; };
		5B6327E52B24D2F000B2848A /* CharacterView.swift in Sources */ = {isa = PBXBuildFile; fileRef = 5B6327E42B24D2F000B2848A /* CharacterView.swift */; };
		5B6327E72B24D4CA00B2848A /* ExpBarView.swift in Sources */ = {isa = PBXBuildFile; fileRef = 5B6327E62B24D4CA00B2848A /* ExpBarView.swift */; };
		5B6327E92B24D54000B2848A /* PlayerDetailsView.swift in Sources */ = {isa = PBXBuildFile; fileRef = 5B6327E82B24D54000B2848A /* PlayerDetailsView.swift */; };
		5B6327EB2B24D80E00B2848A /* BackgroundAudio.swift in Sources */ = {isa = PBXBuildFile; fileRef = 5B6327EA2B24D80E00B2848A /* BackgroundAudio.swift */; };
		5B6327EF2B24D82B00B2848A /* death.mp3 in Resources */ = {isa = PBXBuildFile; fileRef = 5B6327ED2B24D82B00B2848A /* death.mp3 */; };
		5B6327F02B24D82B00B2848A /* LevelUp.mp3 in Resources */ = {isa = PBXBuildFile; fileRef = 5B6327EE2B24D82B00B2848A /* LevelUp.mp3 */; };
		5B6327F22B24D88900B2848A /* Intro.mp3 in Resources */ = {isa = PBXBuildFile; fileRef = 5B6327F12B24D88900B2848A /* Intro.mp3 */; };
		5B6327F42B24D8B700B2848A /* SoundEffect.swift in Sources */ = {isa = PBXBuildFile; fileRef = 5B6327F32B24D8B700B2848A /* SoundEffect.swift */; };
		5B6327F72B24DA6100B2848A /* CombatAction.swift in Sources */ = {isa = PBXBuildFile; fileRef = 5B6327F62B24DA6100B2848A /* CombatAction.swift */; };
		5B6327F92B24DA9000B2848A /* CombatManager.swift in Sources */ = {isa = PBXBuildFile; fileRef = 5B6327F82B24DA9000B2848A /* CombatManager.swift */; };
		5B6327FB2B24DB1100B2848A /* GameCharacter+NPCs.swift in Sources */ = {isa = PBXBuildFile; fileRef = 5B6327FA2B24DB1100B2848A /* GameCharacter+NPCs.swift */; };
		5B6327FD2B24DBB500B2848A /* CombatActionView.swift in Sources */ = {isa = PBXBuildFile; fileRef = 5B6327FC2B24DBB500B2848A /* CombatActionView.swift */; };
		5B6327FF2B24DBED00B2848A /* Haptics.swift in Sources */ = {isa = PBXBuildFile; fileRef = 5B6327FE2B24DBED00B2848A /* Haptics.swift */; };
		5B6328012B24DC3300B2848A /* HealthBarView.swift in Sources */ = {isa = PBXBuildFile; fileRef = 5B6328002B24DC3300B2848A /* HealthBarView.swift */; };
		5B6328032B24DC8700B2848A /* DamageView.swift in Sources */ = {isa = PBXBuildFile; fileRef = 5B6328022B24DC8700B2848A /* DamageView.swift */; };
		5B6328052B24DCC800B2848A /* CharacterCombatView.swift in Sources */ = {isa = PBXBuildFile; fileRef = 5B6328042B24DCC800B2848A /* CharacterCombatView.swift */; };
		5B6328072B24DDE600B2848A /* LivingCharacter.swift in Sources */ = {isa = PBXBuildFile; fileRef = 5B6328062B24DDE600B2848A /* LivingCharacter.swift */; };
		5B63280A2B24DE2A00B2848A /* DeadCharacter.swift in Sources */ = {isa = PBXBuildFile; fileRef = 5B6328092B24DE2A00B2848A /* DeadCharacter.swift */; };
		5B63280C2B24DE4700B2848A /* View+CharacterModifiers.swift in Sources */ = {isa = PBXBuildFile; fileRef = 5B63280B2B24DE4700B2848A /* View+CharacterModifiers.swift */; };
		5B63280E2B24DEBB00B2848A /* CombatView.swift in Sources */ = {isa = PBXBuildFile; fileRef = 5B63280D2B24DEBB00B2848A /* CombatView.swift */; };
		5B6328102B24DEDC00B2848A /* PostCombatView.swift in Sources */ = {isa = PBXBuildFile; fileRef = 5B63280F2B24DEDC00B2848A /* PostCombatView.swift */; };
		5B6328122B24DF2E00B2848A /* GameOverView.swift in Sources */ = {isa = PBXBuildFile; fileRef = 5B6328112B24DF2E00B2848A /* GameOverView.swift */; };
		5B6328142B24E03300B2848A /* LevelUpView.swift in Sources */ = {isa = PBXBuildFile; fileRef = 5B6328132B24E03300B2848A /* LevelUpView.swift */; };
		5B6328162B24E03D00B2848A /* LevelUpAnimation.swift in Sources */ = {isa = PBXBuildFile; fileRef = 5B6328152B24E03D00B2848A /* LevelUpAnimation.swift */; };
		5B6328182B24E19700B2848A /* TransitionView.swift in Sources */ = {isa = PBXBuildFile; fileRef = 5B6328172B24E19700B2848A /* TransitionView.swift */; };
		5B6328202B24E65200B2848A /* Item.swift in Sources */ = {isa = PBXBuildFile; fileRef = 5B63281F2B24E65200B2848A /* Item.swift */; };
		5B6328232B24E70B00B2848A /* ItemSlot.swift in Sources */ = {isa = PBXBuildFile; fileRef = 5B6328222B24E70B00B2848A /* ItemSlot.swift */; };
		5B6328252B24E78900B2848A /* Inventory.swift in Sources */ = {isa = PBXBuildFile; fileRef = 5B6328242B24E78900B2848A /* Inventory.swift */; };
		5B6328282B24E9DA00B2848A /* InventoryIconCircleView.swift in Sources */ = {isa = PBXBuildFile; fileRef = 5B6328272B24E9DA00B2848A /* InventoryIconCircleView.swift */; };
		5B63282A2B24EA2700B2848A /* ItemDetailsView.swift in Sources */ = {isa = PBXBuildFile; fileRef = 5B6328292B24EA2700B2848A /* ItemDetailsView.swift */; };
		5B63282C2B24EB2300B2848A /* Shop.swift in Sources */ = {isa = PBXBuildFile; fileRef = 5B63282B2B24EB2300B2848A /* Shop.swift */; };
		5B63282E2B24EB9B00B2848A /* ShopView.swift in Sources */ = {isa = PBXBuildFile; fileRef = 5B63282D2B24EB9B00B2848A /* ShopView.swift */; };
		5B6328302B26B28D00B2848A /* ItemInventoryView.swift in Sources */ = {isa = PBXBuildFile; fileRef = 5B63282F2B26B28D00B2848A /* ItemInventoryView.swift */; };
		5B95EDD42B1FFD66002E7CD2 /* SwordsAndSandals2App.swift in Sources */ = {isa = PBXBuildFile; fileRef = 5B95EDD32B1FFD66002E7CD2 /* SwordsAndSandals2App.swift */; };
		5B95EDD62B1FFD66002E7CD2 /* ContentView.swift in Sources */ = {isa = PBXBuildFile; fileRef = 5B95EDD52B1FFD66002E7CD2 /* ContentView.swift */; };
		5B95EDD82B1FFD67002E7CD2 /* Assets.xcassets in Resources */ = {isa = PBXBuildFile; fileRef = 5B95EDD72B1FFD67002E7CD2 /* Assets.xcassets */; };
		5B95EDDC2B1FFD67002E7CD2 /* Preview Assets.xcassets in Resources */ = {isa = PBXBuildFile; fileRef = 5B95EDDB2B1FFD67002E7CD2 /* Preview Assets.xcassets */; };
		5B95EDE32B1FFDB1002E7CD2 /* AppManager.swift in Sources */ = {isa = PBXBuildFile; fileRef = 5B95EDE22B1FFDB1002E7CD2 /* AppManager.swift */; };
		5B95EDE52B1FFDE8002E7CD2 /* GameManager.swift in Sources */ = {isa = PBXBuildFile; fileRef = 5B95EDE42B1FFDE8002E7CD2 /* GameManager.swift */; };
		5B95EDE82B1FFE75002E7CD2 /* GameCharacter.swift in Sources */ = {isa = PBXBuildFile; fileRef = 5B95EDE72B1FFE75002E7CD2 /* GameCharacter.swift */; };
		5B95EDEA2B1FFECC002E7CD2 /* StatType.swift in Sources */ = {isa = PBXBuildFile; fileRef = 5B95EDE92B1FFECC002E7CD2 /* StatType.swift */; };
		5B95EDEC2B1FFF92002E7CD2 /* GameSelectionView.swift in Sources */ = {isa = PBXBuildFile; fileRef = 5B95EDEB2B1FFF92002E7CD2 /* GameSelectionView.swift */; };
		5B95EDEE2B2000E3002E7CD2 /* GameState.swift in Sources */ = {isa = PBXBuildFile; fileRef = 5B95EDED2B2000E3002E7CD2 /* GameState.swift */; };
		5B95EDF02B2001D1002E7CD2 /* CharacterCreationView.swift in Sources */ = {isa = PBXBuildFile; fileRef = 5B95EDEF2B2001D1002E7CD2 /* CharacterCreationView.swift */; };
/* End PBXBuildFile section */

/* Begin PBXFileReference section */
		5B4D45D12BA9D1A200AB03D5 /* Item+Transferable.swift */ = {isa = PBXFileReference; lastKnownFileType = sourcecode.swift; path = "Item+Transferable.swift"; sourceTree = "<group>"; };
		5B4D45D32BA9FE6900AB03D5 /* InventoryTip.swift */ = {isa = PBXFileReference; lastKnownFileType = sourcecode.swift; path = InventoryTip.swift; sourceTree = "<group>"; };
		5B4D45D52BAA072600AB03D5 /* CombatTip.swift */ = {isa = PBXFileReference; lastKnownFileType = sourcecode.swift; path = CombatTip.swift; sourceTree = "<group>"; };
		5B4D45E22BAB5FC400AB03D5 /* AppState.swift */ = {isa = PBXFileReference; lastKnownFileType = sourcecode.swift; path = AppState.swift; sourceTree = "<group>"; };
		5B4D45E42BAB5FFE00AB03D5 /* ViewNavigator.swift */ = {isa = PBXFileReference; lastKnownFileType = sourcecode.swift; path = ViewNavigator.swift; sourceTree = "<group>"; };
		5B6327DA2B24B62200B2848A /* StatsView.swift */ = {isa = PBXFileReference; lastKnownFileType = sourcecode.swift; name = StatsView.swift; path = SwordsAndSandals2/Views/Stats/StatsView.swift; sourceTree = SOURCE_ROOT; };
		5B6327DC2B24B67D00B2848A /* StatStepperView.swift */ = {isa = PBXFileReference; lastKnownFileType = sourcecode.swift; path = StatStepperView.swift; sourceTree = "<group>"; };
		5B6327DE2B24B71300B2848A /* StatManagerView.swift */ = {isa = PBXFileReference; lastKnownFileType = sourcecode.swift; path = StatManagerView.swift; sourceTree = "<group>"; };
		5B6327E02B24D05B00B2848A /* TownView.swift */ = {isa = PBXFileReference; lastKnownFileType = sourcecode.swift; path = TownView.swift; sourceTree = "<group>"; };
		5B6327E22B24D09100B2848A /* PlayerSummaryView.swift */ = {isa = PBXFileReference; lastKnownFileType = sourcecode.swift; path = PlayerSummaryView.swift; sourceTree = "<group>"; };
		5B6327E42B24D2F000B2848A /* CharacterView.swift */ = {isa = PBXFileReference; lastKnownFileType = sourcecode.swift; name = CharacterView.swift; path = SwordsAndSandals2/Views/Character/CharacterView.swift; sourceTree = SOURCE_ROOT; };
		5B6327E62B24D4CA00B2848A /* ExpBarView.swift */ = {isa = PBXFileReference; lastKnownFileType = sourcecode.swift; path = ExpBarView.swift; sourceTree = "<group>"; };
		5B6327E82B24D54000B2848A /* PlayerDetailsView.swift */ = {isa = PBXFileReference; lastKnownFileType = sourcecode.swift; path = PlayerDetailsView.swift; sourceTree = "<group>"; };
		5B6327EA2B24D80E00B2848A /* BackgroundAudio.swift */ = {isa = PBXFileReference; lastKnownFileType = sourcecode.swift; path = BackgroundAudio.swift; sourceTree = "<group>"; };
		5B6327ED2B24D82B00B2848A /* death.mp3 */ = {isa = PBXFileReference; lastKnownFileType = audio.mp3; path = death.mp3; sourceTree = "<group>"; };
		5B6327EE2B24D82B00B2848A /* LevelUp.mp3 */ = {isa = PBXFileReference; lastKnownFileType = audio.mp3; path = LevelUp.mp3; sourceTree = "<group>"; };
		5B6327F12B24D88900B2848A /* Intro.mp3 */ = {isa = PBXFileReference; lastKnownFileType = audio.mp3; path = Intro.mp3; sourceTree = "<group>"; };
		5B6327F32B24D8B700B2848A /* SoundEffect.swift */ = {isa = PBXFileReference; lastKnownFileType = sourcecode.swift; path = SoundEffect.swift; sourceTree = "<group>"; };
		5B6327F62B24DA6100B2848A /* CombatAction.swift */ = {isa = PBXFileReference; lastKnownFileType = sourcecode.swift; path = CombatAction.swift; sourceTree = "<group>"; };
		5B6327F82B24DA9000B2848A /* CombatManager.swift */ = {isa = PBXFileReference; lastKnownFileType = sourcecode.swift; name = CombatManager.swift; path = SwordsAndSandals2/Managers/CombatManager.swift; sourceTree = SOURCE_ROOT; };
		5B6327FA2B24DB1100B2848A /* GameCharacter+NPCs.swift */ = {isa = PBXFileReference; lastKnownFileType = sourcecode.swift; path = "GameCharacter+NPCs.swift"; sourceTree = "<group>"; };
		5B6327FC2B24DBB500B2848A /* CombatActionView.swift */ = {isa = PBXFileReference; lastKnownFileType = sourcecode.swift; path = CombatActionView.swift; sourceTree = "<group>"; };
		5B6327FE2B24DBED00B2848A /* Haptics.swift */ = {isa = PBXFileReference; lastKnownFileType = sourcecode.swift; path = Haptics.swift; sourceTree = "<group>"; };
		5B6328002B24DC3300B2848A /* HealthBarView.swift */ = {isa = PBXFileReference; lastKnownFileType = sourcecode.swift; path = HealthBarView.swift; sourceTree = "<group>"; };
		5B6328022B24DC8700B2848A /* DamageView.swift */ = {isa = PBXFileReference; lastKnownFileType = sourcecode.swift; path = DamageView.swift; sourceTree = "<group>"; };
		5B6328042B24DCC800B2848A /* CharacterCombatView.swift */ = {isa = PBXFileReference; lastKnownFileType = sourcecode.swift; path = CharacterCombatView.swift; sourceTree = "<group>"; };
		5B6328062B24DDE600B2848A /* LivingCharacter.swift */ = {isa = PBXFileReference; lastKnownFileType = sourcecode.swift; path = LivingCharacter.swift; sourceTree = "<group>"; };
		5B6328092B24DE2A00B2848A /* DeadCharacter.swift */ = {isa = PBXFileReference; lastKnownFileType = sourcecode.swift; path = DeadCharacter.swift; sourceTree = "<group>"; };
		5B63280B2B24DE4700B2848A /* View+CharacterModifiers.swift */ = {isa = PBXFileReference; lastKnownFileType = sourcecode.swift; path = "View+CharacterModifiers.swift"; sourceTree = "<group>"; };
		5B63280D2B24DEBB00B2848A /* CombatView.swift */ = {isa = PBXFileReference; lastKnownFileType = sourcecode.swift; path = CombatView.swift; sourceTree = "<group>"; };
		5B63280F2B24DEDC00B2848A /* PostCombatView.swift */ = {isa = PBXFileReference; lastKnownFileType = sourcecode.swift; path = PostCombatView.swift; sourceTree = "<group>"; };
		5B6328112B24DF2E00B2848A /* GameOverView.swift */ = {isa = PBXFileReference; lastKnownFileType = sourcecode.swift; path = GameOverView.swift; sourceTree = "<group>"; };
		5B6328132B24E03300B2848A /* LevelUpView.swift */ = {isa = PBXFileReference; lastKnownFileType = sourcecode.swift; path = LevelUpView.swift; sourceTree = "<group>"; };
		5B6328152B24E03D00B2848A /* LevelUpAnimation.swift */ = {isa = PBXFileReference; lastKnownFileType = sourcecode.swift; path = LevelUpAnimation.swift; sourceTree = "<group>"; };
		5B6328172B24E19700B2848A /* TransitionView.swift */ = {isa = PBXFileReference; lastKnownFileType = sourcecode.swift; path = TransitionView.swift; sourceTree = "<group>"; };
		5B63281F2B24E65200B2848A /* Item.swift */ = {isa = PBXFileReference; lastKnownFileType = sourcecode.swift; path = Item.swift; sourceTree = "<group>"; };
		5B6328222B24E70B00B2848A /* ItemSlot.swift */ = {isa = PBXFileReference; lastKnownFileType = sourcecode.swift; path = ItemSlot.swift; sourceTree = "<group>"; };
		5B6328242B24E78900B2848A /* Inventory.swift */ = {isa = PBXFileReference; lastKnownFileType = sourcecode.swift; path = Inventory.swift; sourceTree = "<group>"; };
		5B6328272B24E9DA00B2848A /* InventoryIconCircleView.swift */ = {isa = PBXFileReference; lastKnownFileType = sourcecode.swift; path = InventoryIconCircleView.swift; sourceTree = "<group>"; };
		5B6328292B24EA2700B2848A /* ItemDetailsView.swift */ = {isa = PBXFileReference; lastKnownFileType = sourcecode.swift; path = ItemDetailsView.swift; sourceTree = "<group>"; };
		5B63282B2B24EB2300B2848A /* Shop.swift */ = {isa = PBXFileReference; lastKnownFileType = sourcecode.swift; path = Shop.swift; sourceTree = "<group>"; };
		5B63282D2B24EB9B00B2848A /* ShopView.swift */ = {isa = PBXFileReference; lastKnownFileType = sourcecode.swift; path = ShopView.swift; sourceTree = "<group>"; };
		5B63282F2B26B28D00B2848A /* ItemInventoryView.swift */ = {isa = PBXFileReference; lastKnownFileType = sourcecode.swift; name = ItemInventoryView.swift; path = SwordsAndSandals2/Views/Item/ItemInventoryView.swift; sourceTree = SOURCE_ROOT; };
		5B95EDD02B1FFD66002E7CD2 /* SwordsAndSandals2.app */ = {isa = PBXFileReference; explicitFileType = wrapper.application; includeInIndex = 0; path = SwordsAndSandals2.app; sourceTree = BUILT_PRODUCTS_DIR; };
		5B95EDD32B1FFD66002E7CD2 /* SwordsAndSandals2App.swift */ = {isa = PBXFileReference; lastKnownFileType = sourcecode.swift; path = SwordsAndSandals2App.swift; sourceTree = "<group>"; };
		5B95EDD52B1FFD66002E7CD2 /* ContentView.swift */ = {isa = PBXFileReference; lastKnownFileType = sourcecode.swift; path = ContentView.swift; sourceTree = "<group>"; };
		5B95EDD72B1FFD67002E7CD2 /* Assets.xcassets */ = {isa = PBXFileReference; lastKnownFileType = folder.assetcatalog; path = Assets.xcassets; sourceTree = "<group>"; };
		5B95EDD92B1FFD67002E7CD2 /* SwordsAndSandals2.entitlements */ = {isa = PBXFileReference; lastKnownFileType = text.plist.entitlements; path = SwordsAndSandals2.entitlements; sourceTree = "<group>"; };
		5B95EDDB2B1FFD67002E7CD2 /* Preview Assets.xcassets */ = {isa = PBXFileReference; lastKnownFileType = folder.assetcatalog; path = "Preview Assets.xcassets"; sourceTree = "<group>"; };
		5B95EDE22B1FFDB1002E7CD2 /* AppManager.swift */ = {isa = PBXFileReference; lastKnownFileType = sourcecode.swift; path = AppManager.swift; sourceTree = "<group>"; };
		5B95EDE42B1FFDE8002E7CD2 /* GameManager.swift */ = {isa = PBXFileReference; lastKnownFileType = sourcecode.swift; path = GameManager.swift; sourceTree = "<group>"; };
		5B95EDE72B1FFE75002E7CD2 /* GameCharacter.swift */ = {isa = PBXFileReference; lastKnownFileType = sourcecode.swift; path = GameCharacter.swift; sourceTree = "<group>"; };
		5B95EDE92B1FFECC002E7CD2 /* StatType.swift */ = {isa = PBXFileReference; lastKnownFileType = sourcecode.swift; path = StatType.swift; sourceTree = "<group>"; };
		5B95EDEB2B1FFF92002E7CD2 /* GameSelectionView.swift */ = {isa = PBXFileReference; lastKnownFileType = sourcecode.swift; path = GameSelectionView.swift; sourceTree = "<group>"; };
		5B95EDED2B2000E3002E7CD2 /* GameState.swift */ = {isa = PBXFileReference; lastKnownFileType = sourcecode.swift; path = GameState.swift; sourceTree = "<group>"; };
		5B95EDEF2B2001D1002E7CD2 /* CharacterCreationView.swift */ = {isa = PBXFileReference; lastKnownFileType = sourcecode.swift; path = CharacterCreationView.swift; sourceTree = "<group>"; };
/* End PBXFileReference section */

/* Begin PBXFrameworksBuildPhase section */
		5B95EDCD2B1FFD66002E7CD2 /* Frameworks */ = {
			isa = PBXFrameworksBuildPhase;
			buildActionMask = 2147483647;
			files = (
			);
			runOnlyForDeploymentPostprocessing = 0;
		};
/* End PBXFrameworksBuildPhase section */

/* Begin PBXGroup section */
		5B6327EC2B24D81100B2848A /* Audio */ = {
			isa = PBXGroup;
			children = (
				5B6327EA2B24D80E00B2848A /* BackgroundAudio.swift */,
				5B6327F32B24D8B700B2848A /* SoundEffect.swift */,
				5B6327ED2B24D82B00B2848A /* death.mp3 */,
				5B6327F12B24D88900B2848A /* Intro.mp3 */,
				5B6327EE2B24D82B00B2848A /* LevelUp.mp3 */,
			);
			path = Audio;
			sourceTree = "<group>";
		};
		5B6328082B24DDF700B2848A /* Modifiers */ = {
			isa = PBXGroup;
			children = (
				5B6328062B24DDE600B2848A /* LivingCharacter.swift */,
				5B6328092B24DE2A00B2848A /* DeadCharacter.swift */,
				5B63280B2B24DE4700B2848A /* View+CharacterModifiers.swift */,
			);
			path = Modifiers;
			sourceTree = "<group>";
		};
		5B6328192B24E39D00B2848A /* Combat */ = {
			isa = PBXGroup;
			children = (
				5B6328112B24DF2E00B2848A /* GameOverView.swift */,
				5B63280D2B24DEBB00B2848A /* CombatView.swift */,
				5B63280F2B24DEDC00B2848A /* PostCombatView.swift */,
				5B6328002B24DC3300B2848A /* HealthBarView.swift */,
				5B6327FC2B24DBB500B2848A /* CombatActionView.swift */,
				5B4D45D52BAA072600AB03D5 /* CombatTip.swift */,
				5B6328042B24DCC800B2848A /* CharacterCombatView.swift */,
				5B6328022B24DC8700B2848A /* DamageView.swift */,
			);
			path = Combat;
			sourceTree = "<group>";
		};
		5B63281A2B24E3D300B2848A /* Stats */ = {
			isa = PBXGroup;
			children = (
				5B6327DE2B24B71300B2848A /* StatManagerView.swift */,
				5B6327DC2B24B67D00B2848A /* StatStepperView.swift */,
				5B6327DA2B24B62200B2848A /* StatsView.swift */,
			);
			path = Stats;
			sourceTree = "<group>";
		};
		5B63281B2B24E3F300B2848A /* Character */ = {
			isa = PBXGroup;
			children = (
				5B95EDEF2B2001D1002E7CD2 /* CharacterCreationView.swift */,
				5B6328132B24E03300B2848A /* LevelUpView.swift */,
				5B6327E82B24D54000B2848A /* PlayerDetailsView.swift */,
				5B6327E22B24D09100B2848A /* PlayerSummaryView.swift */,
				5B6327E62B24D4CA00B2848A /* ExpBarView.swift */,
				5B6327E42B24D2F000B2848A /* CharacterView.swift */,
			);
			path = Character;
			sourceTree = "<group>";
		};
		5B63281C2B24E41C00B2848A /* Animation */ = {
			isa = PBXGroup;
			children = (
				5B6328152B24E03D00B2848A /* LevelUpAnimation.swift */,
				5B6328172B24E19700B2848A /* TransitionView.swift */,
			);
			path = Animation;
			sourceTree = "<group>";
		};
		5B63281D2B24E43F00B2848A /* Navigation */ = {
			isa = PBXGroup;
			children = (
				5B63282D2B24EB9B00B2848A /* ShopView.swift */,
				5B95EDD52B1FFD66002E7CD2 /* ContentView.swift */,
				5B4D45E42BAB5FFE00AB03D5 /* ViewNavigator.swift */,
				5B6327E02B24D05B00B2848A /* TownView.swift */,
				5B95EDEB2B1FFF92002E7CD2 /* GameSelectionView.swift */,
			);
			path = Navigation;
			sourceTree = "<group>";
		};
		5B63281E2B24E46400B2848A /* Effects */ = {
			isa = PBXGroup;
			children = (
				5B6327FE2B24DBED00B2848A /* Haptics.swift */,
				5B6327EC2B24D81100B2848A /* Audio */,
			);
			path = Effects;
			sourceTree = "<group>";
		};
		5B6328262B24E9C300B2848A /* Item */ = {
			isa = PBXGroup;
			children = (
				5B6328272B24E9DA00B2848A /* InventoryIconCircleView.swift */,
				5B63282F2B26B28D00B2848A /* ItemInventoryView.swift */,
				5B6328292B24EA2700B2848A /* ItemDetailsView.swift */,
				5B4D45D32BA9FE6900AB03D5 /* InventoryTip.swift */,
			);
			path = Item;
			sourceTree = "<group>";
		};
		5B95EDC72B1FFD66002E7CD2 = {
			isa = PBXGroup;
			children = (
				5B95EDD22B1FFD66002E7CD2 /* SwordsAndSandals2 */,
				5B95EDD12B1FFD66002E7CD2 /* Products */,
			);
			sourceTree = "<group>";
		};
		5B95EDD12B1FFD66002E7CD2 /* Products */ = {
			isa = PBXGroup;
			children = (
				5B95EDD02B1FFD66002E7CD2 /* SwordsAndSandals2.app */,
			);
			name = Products;
			sourceTree = "<group>";
		};
		5B95EDD22B1FFD66002E7CD2 /* SwordsAndSandals2 */ = {
			isa = PBXGroup;
			children = (
				5B95EDD32B1FFD66002E7CD2 /* SwordsAndSandals2App.swift */,
				5B95EDF12B200319002E7CD2 /* Views */,
				5B63281E2B24E46400B2848A /* Effects */,
				5B95EDF22B200327002E7CD2 /* Models */,
				5B95EDE62B1FFE50002E7CD2 /* Managers */,
				5B95EDD72B1FFD67002E7CD2 /* Assets.xcassets */,
				5B95EDD92B1FFD67002E7CD2 /* SwordsAndSandals2.entitlements */,
				5B95EDDA2B1FFD67002E7CD2 /* Preview Content */,
			);
			path = SwordsAndSandals2;
			sourceTree = "<group>";
		};
		5B95EDDA2B1FFD67002E7CD2 /* Preview Content */ = {
			isa = PBXGroup;
			children = (
				5B95EDDB2B1FFD67002E7CD2 /* Preview Assets.xcassets */,
			);
			path = "Preview Content";
			sourceTree = "<group>";
		};
		5B95EDE62B1FFE50002E7CD2 /* Managers */ = {
			isa = PBXGroup;
			children = (
				5B95EDE22B1FFDB1002E7CD2 /* AppManager.swift */,
				5B4D45E22BAB5FC400AB03D5 /* AppState.swift */,
				5B95EDE42B1FFDE8002E7CD2 /* GameManager.swift */,
				5B6327F82B24DA9000B2848A /* CombatManager.swift */,
			);
			path = Managers;
			sourceTree = "<group>";
		};
		5B95EDF12B200319002E7CD2 /* Views */ = {
			isa = PBXGroup;
			children = (
				5B6328262B24E9C300B2848A /* Item */,
				5B63281D2B24E43F00B2848A /* Navigation */,
				5B6328082B24DDF700B2848A /* Modifiers */,
				5B63281C2B24E41C00B2848A /* Animation */,
				5B63281A2B24E3D300B2848A /* Stats */,
				5B6328192B24E39D00B2848A /* Combat */,
				5B63281B2B24E3F300B2848A /* Character */,
			);
			path = Views;
			sourceTree = "<group>";
		};
		5B95EDF22B200327002E7CD2 /* Models */ = {
			isa = PBXGroup;
			children = (
				5B95EDED2B2000E3002E7CD2 /* GameState.swift */,
				5B95EDE72B1FFE75002E7CD2 /* GameCharacter.swift */,
				5B6327FA2B24DB1100B2848A /* GameCharacter+NPCs.swift */,
				5B95EDE92B1FFECC002E7CD2 /* StatType.swift */,
				5B6327F62B24DA6100B2848A /* CombatAction.swift */,
				5B63281F2B24E65200B2848A /* Item.swift */,
				5B4D45D12BA9D1A200AB03D5 /* Item+Transferable.swift */,
				5B6328242B24E78900B2848A /* Inventory.swift */,
				5B6328222B24E70B00B2848A /* ItemSlot.swift */,
				5B63282B2B24EB2300B2848A /* Shop.swift */,
			);
			path = Models;
			sourceTree = "<group>";
		};
/* End PBXGroup section */

/* Begin PBXNativeTarget section */
		5B95EDCF2B1FFD66002E7CD2 /* SwordsAndSandals2 */ = {
			isa = PBXNativeTarget;
			buildConfigurationList = 5B95EDDF2B1FFD67002E7CD2 /* Build configuration list for PBXNativeTarget "SwordsAndSandals2" */;
			buildPhases = (
				5B95EDCC2B1FFD66002E7CD2 /* Sources */,
				5B95EDCD2B1FFD66002E7CD2 /* Frameworks */,
				5B95EDCE2B1FFD66002E7CD2 /* Resources */,
			);
			buildRules = (
			);
			dependencies = (
			);
			name = SwordsAndSandals2;
			productName = SwordsAndSandals2;
			productReference = 5B95EDD02B1FFD66002E7CD2 /* SwordsAndSandals2.app */;
			productType = "com.apple.product-type.application";
		};
/* End PBXNativeTarget section */

/* Begin PBXProject section */
		5B95EDC82B1FFD66002E7CD2 /* Project object */ = {
			isa = PBXProject;
			attributes = {
				BuildIndependentTargetsInParallel = 1;
				LastSwiftUpdateCheck = 1500;
				LastUpgradeCheck = 1530;
				TargetAttributes = {
					5B95EDCF2B1FFD66002E7CD2 = {
						CreatedOnToolsVersion = 15.0.1;
					};
				};
			};
			buildConfigurationList = 5B95EDCB2B1FFD66002E7CD2 /* Build configuration list for PBXProject "SwordsAndSandals2" */;
			compatibilityVersion = "Xcode 14.0";
			developmentRegion = en;
			hasScannedForEncodings = 0;
			knownRegions = (
				en,
				Base,
			);
			mainGroup = 5B95EDC72B1FFD66002E7CD2;
			productRefGroup = 5B95EDD12B1FFD66002E7CD2 /* Products */;
			projectDirPath = "";
			projectRoot = "";
			targets = (
				5B95EDCF2B1FFD66002E7CD2 /* SwordsAndSandals2 */,
			);
		};
/* End PBXProject section */

/* Begin PBXResourcesBuildPhase section */
		5B95EDCE2B1FFD66002E7CD2 /* Resources */ = {
			isa = PBXResourcesBuildPhase;
			buildActionMask = 2147483647;
			files = (
				5B95EDDC2B1FFD67002E7CD2 /* Preview Assets.xcassets in Resources */,
				5B6327F22B24D88900B2848A /* Intro.mp3 in Resources */,
				5B6327EF2B24D82B00B2848A /* death.mp3 in Resources */,
				5B6327F02B24D82B00B2848A /* LevelUp.mp3 in Resources */,
				5B95EDD82B1FFD67002E7CD2 /* Assets.xcassets in Resources */,
			);
			runOnlyForDeploymentPostprocessing = 0;
		};
/* End PBXResourcesBuildPhase section */

/* Begin PBXSourcesBuildPhase section */
		5B95EDCC2B1FFD66002E7CD2 /* Sources */ = {
			isa = PBXSourcesBuildPhase;
			buildActionMask = 2147483647;
			files = (
				5B6327E32B24D09100B2848A /* PlayerSummaryView.swift in Sources */,
				5B6328122B24DF2E00B2848A /* GameOverView.swift in Sources */,
				5B6328202B24E65200B2848A /* Item.swift in Sources */,
				5B6328252B24E78900B2848A /* Inventory.swift in Sources */,
				5B95EDE82B1FFE75002E7CD2 /* GameCharacter.swift in Sources */,
				5B6327E92B24D54000B2848A /* PlayerDetailsView.swift in Sources */,
				5B95EDEA2B1FFECC002E7CD2 /* StatType.swift in Sources */,
				5B6328182B24E19700B2848A /* TransitionView.swift in Sources */,
				5B6327DF2B24B71300B2848A /* StatManagerView.swift in Sources */,
				5B95EDE32B1FFDB1002E7CD2 /* AppManager.swift in Sources */,
				5B4D45D62BAA072600AB03D5 /* CombatTip.swift in Sources */,
				5B6328302B26B28D00B2848A /* ItemInventoryView.swift in Sources */,
				5B6328102B24DEDC00B2848A /* PostCombatView.swift in Sources */,
				5B4D45E52BAB5FFE00AB03D5 /* ViewNavigator.swift in Sources */,
				5B63282A2B24EA2700B2848A /* ItemDetailsView.swift in Sources */,
				5B6328072B24DDE600B2848A /* LivingCharacter.swift in Sources */,
				5B6327EB2B24D80E00B2848A /* BackgroundAudio.swift in Sources */,
				5B6328232B24E70B00B2848A /* ItemSlot.swift in Sources */,
				5B6328142B24E03300B2848A /* LevelUpView.swift in Sources */,
				5B6327F92B24DA9000B2848A /* CombatManager.swift in Sources */,
				5B6328162B24E03D00B2848A /* LevelUpAnimation.swift in Sources */,
				5B63280C2B24DE4700B2848A /* View+CharacterModifiers.swift in Sources */,
				5B4D45D42BA9FE6900AB03D5 /* InventoryTip.swift in Sources */,
				5B6328012B24DC3300B2848A /* HealthBarView.swift in Sources */,
				5B95EDF02B2001D1002E7CD2 /* CharacterCreationView.swift in Sources */,
				5B6327FD2B24DBB500B2848A /* CombatActionView.swift in Sources */,
				5B95EDEC2B1FFF92002E7CD2 /* GameSelectionView.swift in Sources */,
				5B63280A2B24DE2A00B2848A /* DeadCharacter.swift in Sources */,
				5B4D45E32BAB5FC400AB03D5 /* AppState.swift in Sources */,
				5B6328052B24DCC800B2848A /* CharacterCombatView.swift in Sources */,
				5B6327DD2B24B67D00B2848A /* StatStepperView.swift in Sources */,
				5B6328032B24DC8700B2848A /* DamageView.swift in Sources */,
				5B6327FF2B24DBED00B2848A /* Haptics.swift in Sources */,
				5B6327E72B24D4CA00B2848A /* ExpBarView.swift in Sources */,
				5B95EDE52B1FFDE8002E7CD2 /* GameManager.swift in Sources */,
				5B6327FB2B24DB1100B2848A /* GameCharacter+NPCs.swift in Sources */,
				5B63282E2B24EB9B00B2848A /* ShopView.swift in Sources */,
				5B6327DB2B24B62200B2848A /* StatsView.swift in Sources */,
				5B63280E2B24DEBB00B2848A /* CombatView.swift in Sources */,
				5B6327E12B24D05B00B2848A /* TownView.swift in Sources */,
				5B95EDEE2B2000E3002E7CD2 /* GameState.swift in Sources */,
				5B6327E52B24D2F000B2848A /* CharacterView.swift in Sources */,
				5B95EDD62B1FFD66002E7CD2 /* ContentView.swift in Sources */,
				5B6328282B24E9DA00B2848A /* InventoryIconCircleView.swift in Sources */,
				5B6327F72B24DA6100B2848A /* CombatAction.swift in Sources */,
				5B63282C2B24EB2300B2848A /* Shop.swift in Sources */,
				5B4D45D22BA9D1A200AB03D5 /* Item+Transferable.swift in Sources */,
				5B95EDD42B1FFD66002E7CD2 /* SwordsAndSandals2App.swift in Sources */,
				5B6327F42B24D8B700B2848A /* SoundEffect.swift in Sources */,
			);
			runOnlyForDeploymentPostprocessing = 0;
		};
/* End PBXSourcesBuildPhase section */

/* Begin XCBuildConfiguration section */
		5B95EDDD2B1FFD67002E7CD2 /* Debug */ = {
			isa = XCBuildConfiguration;
			buildSettings = {
				ALWAYS_SEARCH_USER_PATHS = NO;
				ASSETCATALOG_COMPILER_GENERATE_SWIFT_ASSET_SYMBOL_EXTENSIONS = YES;
				CLANG_ANALYZER_NONNULL = YES;
				CLANG_ANALYZER_NUMBER_OBJECT_CONVERSION = YES_AGGRESSIVE;
				CLANG_CXX_LANGUAGE_STANDARD = "gnu++20";
				CLANG_ENABLE_MODULES = YES;
				CLANG_ENABLE_OBJC_ARC = YES;
				CLANG_ENABLE_OBJC_WEAK = YES;
				CLANG_WARN_BLOCK_CAPTURE_AUTORELEASING = YES;
				CLANG_WARN_BOOL_CONVERSION = YES;
				CLANG_WARN_COMMA = YES;
				CLANG_WARN_CONSTANT_CONVERSION = YES;
				CLANG_WARN_DEPRECATED_OBJC_IMPLEMENTATIONS = YES;
				CLANG_WARN_DIRECT_OBJC_ISA_USAGE = YES_ERROR;
				CLANG_WARN_DOCUMENTATION_COMMENTS = YES;
				CLANG_WARN_EMPTY_BODY = YES;
				CLANG_WARN_ENUM_CONVERSION = YES;
				CLANG_WARN_INFINITE_RECURSION = YES;
				CLANG_WARN_INT_CONVERSION = YES;
				CLANG_WARN_NON_LITERAL_NULL_CONVERSION = YES;
				CLANG_WARN_OBJC_IMPLICIT_RETAIN_SELF = YES;
				CLANG_WARN_OBJC_LITERAL_CONVERSION = YES;
				CLANG_WARN_OBJC_ROOT_CLASS = YES_ERROR;
				CLANG_WARN_QUOTED_INCLUDE_IN_FRAMEWORK_HEADER = YES;
				CLANG_WARN_RANGE_LOOP_ANALYSIS = YES;
				CLANG_WARN_STRICT_PROTOTYPES = YES;
				CLANG_WARN_SUSPICIOUS_MOVE = YES;
				CLANG_WARN_UNGUARDED_AVAILABILITY = YES_AGGRESSIVE;
				CLANG_WARN_UNREACHABLE_CODE = YES;
				CLANG_WARN__DUPLICATE_METHOD_MATCH = YES;
				COPY_PHASE_STRIP = NO;
				DEAD_CODE_STRIPPING = YES;
				DEBUG_INFORMATION_FORMAT = dwarf;
				ENABLE_STRICT_OBJC_MSGSEND = YES;
				ENABLE_TESTABILITY = YES;
				ENABLE_USER_SCRIPT_SANDBOXING = YES;
				GCC_C_LANGUAGE_STANDARD = gnu17;
				GCC_DYNAMIC_NO_PIC = NO;
				GCC_NO_COMMON_BLOCKS = YES;
				GCC_OPTIMIZATION_LEVEL = 0;
				GCC_PREPROCESSOR_DEFINITIONS = (
					"DEBUG=1",
					"$(inherited)",
				);
				GCC_WARN_64_TO_32_BIT_CONVERSION = YES;
				GCC_WARN_ABOUT_RETURN_TYPE = YES_ERROR;
				GCC_WARN_UNDECLARED_SELECTOR = YES;
				GCC_WARN_UNINITIALIZED_AUTOS = YES_AGGRESSIVE;
				GCC_WARN_UNUSED_FUNCTION = YES;
				GCC_WARN_UNUSED_VARIABLE = YES;
				LOCALIZATION_PREFERS_STRING_CATALOGS = YES;
				MTL_ENABLE_DEBUG_INFO = INCLUDE_SOURCE;
				MTL_FAST_MATH = YES;
				ONLY_ACTIVE_ARCH = YES;
				SWIFT_ACTIVE_COMPILATION_CONDITIONS = "DEBUG $(inherited)";
				SWIFT_OPTIMIZATION_LEVEL = "-Onone";
			};
			name = Debug;
		};
		5B95EDDE2B1FFD67002E7CD2 /* Release */ = {
			isa = XCBuildConfiguration;
			buildSettings = {
				ALWAYS_SEARCH_USER_PATHS = NO;
				ASSETCATALOG_COMPILER_GENERATE_SWIFT_ASSET_SYMBOL_EXTENSIONS = YES;
				CLANG_ANALYZER_NONNULL = YES;
				CLANG_ANALYZER_NUMBER_OBJECT_CONVERSION = YES_AGGRESSIVE;
				CLANG_CXX_LANGUAGE_STANDARD = "gnu++20";
				CLANG_ENABLE_MODULES = YES;
				CLANG_ENABLE_OBJC_ARC = YES;
				CLANG_ENABLE_OBJC_WEAK = YES;
				CLANG_WARN_BLOCK_CAPTURE_AUTORELEASING = YES;
				CLANG_WARN_BOOL_CONVERSION = YES;
				CLANG_WARN_COMMA = YES;
				CLANG_WARN_CONSTANT_CONVERSION = YES;
				CLANG_WARN_DEPRECATED_OBJC_IMPLEMENTATIONS = YES;
				CLANG_WARN_DIRECT_OBJC_ISA_USAGE = YES_ERROR;
				CLANG_WARN_DOCUMENTATION_COMMENTS = YES;
				CLANG_WARN_EMPTY_BODY = YES;
				CLANG_WARN_ENUM_CONVERSION = YES;
				CLANG_WARN_INFINITE_RECURSION = YES;
				CLANG_WARN_INT_CONVERSION = YES;
				CLANG_WARN_NON_LITERAL_NULL_CONVERSION = YES;
				CLANG_WARN_OBJC_IMPLICIT_RETAIN_SELF = YES;
				CLANG_WARN_OBJC_LITERAL_CONVERSION = YES;
				CLANG_WARN_OBJC_ROOT_CLASS = YES_ERROR;
				CLANG_WARN_QUOTED_INCLUDE_IN_FRAMEWORK_HEADER = YES;
				CLANG_WARN_RANGE_LOOP_ANALYSIS = YES;
				CLANG_WARN_STRICT_PROTOTYPES = YES;
				CLANG_WARN_SUSPICIOUS_MOVE = YES;
				CLANG_WARN_UNGUARDED_AVAILABILITY = YES_AGGRESSIVE;
				CLANG_WARN_UNREACHABLE_CODE = YES;
				CLANG_WARN__DUPLICATE_METHOD_MATCH = YES;
				COPY_PHASE_STRIP = NO;
				DEAD_CODE_STRIPPING = YES;
				DEBUG_INFORMATION_FORMAT = "dwarf-with-dsym";
				ENABLE_NS_ASSERTIONS = NO;
				ENABLE_STRICT_OBJC_MSGSEND = YES;
				ENABLE_USER_SCRIPT_SANDBOXING = YES;
				GCC_C_LANGUAGE_STANDARD = gnu17;
				GCC_NO_COMMON_BLOCKS = YES;
				GCC_WARN_64_TO_32_BIT_CONVERSION = YES;
				GCC_WARN_ABOUT_RETURN_TYPE = YES_ERROR;
				GCC_WARN_UNDECLARED_SELECTOR = YES;
				GCC_WARN_UNINITIALIZED_AUTOS = YES_AGGRESSIVE;
				GCC_WARN_UNUSED_FUNCTION = YES;
				GCC_WARN_UNUSED_VARIABLE = YES;
				LOCALIZATION_PREFERS_STRING_CATALOGS = YES;
				MTL_ENABLE_DEBUG_INFO = NO;
				MTL_FAST_MATH = YES;
				SWIFT_COMPILATION_MODE = wholemodule;
			};
			name = Release;
		};
		5B95EDE02B1FFD67002E7CD2 /* Debug */ = {
			isa = XCBuildConfiguration;
			buildSettings = {
				ASSETCATALOG_COMPILER_APPICON_NAME = AppIcon;
				ASSETCATALOG_COMPILER_GLOBAL_ACCENT_COLOR_NAME = AccentColor;
				CODE_SIGN_ENTITLEMENTS = SwordsAndSandals2/SwordsAndSandals2.entitlements;
				CODE_SIGN_STYLE = Automatic;
				CURRENT_PROJECT_VERSION = 1;
				DEAD_CODE_STRIPPING = YES;
				DEVELOPMENT_ASSET_PATHS = "\"SwordsAndSandals2/Preview Content\"";
				DEVELOPMENT_TEAM = 2PF4YUG536;
				ENABLE_HARDENED_RUNTIME = YES;
				ENABLE_PREVIEWS = YES;
				GENERATE_INFOPLIST_FILE = YES;
				"INFOPLIST_KEY_UIApplicationSceneManifest_Generation[sdk=iphoneos*]" = YES;
				"INFOPLIST_KEY_UIApplicationSceneManifest_Generation[sdk=iphonesimulator*]" = YES;
				"INFOPLIST_KEY_UIApplicationSupportsIndirectInputEvents[sdk=iphoneos*]" = YES;
				"INFOPLIST_KEY_UIApplicationSupportsIndirectInputEvents[sdk=iphonesimulator*]" = YES;
				"INFOPLIST_KEY_UILaunchScreen_Generation[sdk=iphoneos*]" = YES;
				"INFOPLIST_KEY_UILaunchScreen_Generation[sdk=iphonesimulator*]" = YES;
				"INFOPLIST_KEY_UIStatusBarStyle[sdk=iphoneos*]" = UIStatusBarStyleDefault;
				"INFOPLIST_KEY_UIStatusBarStyle[sdk=iphonesimulator*]" = UIStatusBarStyleDefault;
				INFOPLIST_KEY_UISupportedInterfaceOrientations = "UIInterfaceOrientationLandscapeLeft UIInterfaceOrientationLandscapeRight UIInterfaceOrientationPortrait";
				INFOPLIST_KEY_UISupportedInterfaceOrientations_iPad = "UIInterfaceOrientationLandscapeLeft UIInterfaceOrientationLandscapeRight UIInterfaceOrientationPortrait UIInterfaceOrientationPortraitUpsideDown";
				IPHONEOS_DEPLOYMENT_TARGET = 17.0;
				LD_RUNPATH_SEARCH_PATHS = "@executable_path/Frameworks";
				"LD_RUNPATH_SEARCH_PATHS[sdk=macosx*]" = "@executable_path/../Frameworks";
				MACOSX_DEPLOYMENT_TARGET = 14.0;
				MARKETING_VERSION = 1.0;
				PRODUCT_BUNDLE_IDENTIFIER = com.academy.SwordsAndSandals2;
				PRODUCT_NAME = "$(TARGET_NAME)";
				SDKROOT = auto;
				SUPPORTED_PLATFORMS = "iphoneos iphonesimulator macosx";
				SWIFT_EMIT_LOC_STRINGS = YES;
				SWIFT_VERSION = 5.0;
				TARGETED_DEVICE_FAMILY = "1,2";
			};
			name = Debug;
		};
		5B95EDE12B1FFD67002E7CD2 /* Release */ = {
			isa = XCBuildConfiguration;
			buildSettings = {
				ASSETCATALOG_COMPILER_APPICON_NAME = AppIcon;
				ASSETCATALOG_COMPILER_GLOBAL_ACCENT_COLOR_NAME = AccentColor;
				CODE_SIGN_ENTITLEMENTS = SwordsAndSandals2/SwordsAndSandals2.entitlements;
				CODE_SIGN_STYLE = Automatic;
				CURRENT_PROJECT_VERSION = 1;
				DEAD_CODE_STRIPPING = YES;
				DEVELOPMENT_ASSET_PATHS = "\"SwordsAndSandals2/Preview Content\"";
				DEVELOPMENT_TEAM = 2PF4YUG536;
				ENABLE_HARDENED_RUNTIME = YES;
				ENABLE_PREVIEWS = YES;
				GENERATE_INFOPLIST_FILE = YES;
				"INFOPLIST_KEY_UIApplicationSceneManifest_Generation[sdk=iphoneos*]" = YES;
				"INFOPLIST_KEY_UIApplicationSceneManifest_Generation[sdk=iphonesimulator*]" = YES;
				"INFOPLIST_KEY_UIApplicationSupportsIndirectInputEvents[sdk=iphoneos*]" = YES;
				"INFOPLIST_KEY_UIApplicationSupportsIndirectInputEvents[sdk=iphonesimulator*]" = YES;
				"INFOPLIST_KEY_UILaunchScreen_Generation[sdk=iphoneos*]" = YES;
				"INFOPLIST_KEY_UILaunchScreen_Generation[sdk=iphonesimulator*]" = YES;
				"INFOPLIST_KEY_UIStatusBarStyle[sdk=iphoneos*]" = UIStatusBarStyleDefault;
				"INFOPLIST_KEY_UIStatusBarStyle[sdk=iphonesimulator*]" = UIStatusBarStyleDefault;
				INFOPLIST_KEY_UISupportedInterfaceOrientations = "UIInterfaceOrientationLandscapeLeft UIInterfaceOrientationLandscapeRight UIInterfaceOrientationPortrait";
				INFOPLIST_KEY_UISupportedInterfaceOrientations_iPad = "UIInterfaceOrientationLandscapeLeft UIInterfaceOrientationLandscapeRight UIInterfaceOrientationPortrait UIInterfaceOrientationPortraitUpsideDown";
				IPHONEOS_DEPLOYMENT_TARGET = 17.0;
				LD_RUNPATH_SEARCH_PATHS = "@executable_path/Frameworks";
				"LD_RUNPATH_SEARCH_PATHS[sdk=macosx*]" = "@executable_path/../Frameworks";
				MACOSX_DEPLOYMENT_TARGET = 14.0;
				MARKETING_VERSION = 1.0;
				PRODUCT_BUNDLE_IDENTIFIER = com.academy.SwordsAndSandals2;
				PRODUCT_NAME = "$(TARGET_NAME)";
				SDKROOT = auto;
				SUPPORTED_PLATFORMS = "iphoneos iphonesimulator macosx";
				SWIFT_EMIT_LOC_STRINGS = YES;
				SWIFT_VERSION = 5.0;
				TARGETED_DEVICE_FAMILY = "1,2";
			};
			name = Release;
		};
/* End XCBuildConfiguration section */

/* Begin XCConfigurationList section */
		5B95EDCB2B1FFD66002E7CD2 /* Build configuration list for PBXProject "SwordsAndSandals2" */ = {
			isa = XCConfigurationList;
			buildConfigurations = (
				5B95EDDD2B1FFD67002E7CD2 /* Debug */,
				5B95EDDE2B1FFD67002E7CD2 /* Release */,
			);
			defaultConfigurationIsVisible = 0;
			defaultConfigurationName = Release;
		};
		5B95EDDF2B1FFD67002E7CD2 /* Build configuration list for PBXNativeTarget "SwordsAndSandals2" */ = {
			isa = XCConfigurationList;
			buildConfigurations = (
				5B95EDE02B1FFD67002E7CD2 /* Debug */,
				5B95EDE12B1FFD67002E7CD2 /* Release */,
			);
			defaultConfigurationIsVisible = 0;
			defaultConfigurationName = Release;
		};
/* End XCConfigurationList section */
	};
	rootObject = 5B95EDC82B1FFD66002E7CD2 /* Project object */;
}
